
Microsoft Visual Studio Solution File, Format Version 12.00
# Visual Studio Version 17
VisualStudioVersion = 17.11.35222.181
MinimumVisualStudioVersion = 10.0.40219.1
Project("{FAE04EC0-301F-11D3-BF4B-00C04F79EFBC}") = "EntityComponent_NathanielWhite_20250224", "EntityComponent_NathanielWhite_20250224.csproj", "{1D7E5D64-F35F-4913-A956-C2CC9DE8F404}"
EndProject
Global
	GlobalSection(SolutionConfigurationPlatforms) = preSolution
		Debug|Any CPU = Debug|Any CPU
		Release|Any CPU = Release|Any CPU
	EndGlobalSection
	GlobalSection(ProjectConfigurationPlatforms) = postSolution
		{1D7E5D64-F35F-4913-A956-C2CC9DE8F404}.Debug|Any CPU.ActiveCfg = Debug|Any CPU
		{1D7E5D64-F35F-4913-A956-C2CC9DE8F404}.Debug|Any CPU.Build.0 = Debug|Any CPU
		{1D7E5D64-F35F-4913-A956-C2CC9DE8F404}.Release|Any CPU.ActiveCfg = Release|Any CPU
		{1D7E5D64-F35F-4913-A956-C2CC9DE8F404}.Release|Any CPU.Build.0 = Release|Any CPU
	EndGlobalSection
	GlobalSection(SolutionProperties) = preSolution
		HideSolutionNode = FALSE
	EndGlobalSection
	GlobalSection(ExtensibilityGlobals) = postSolution
		SolutionGuid = {2B811B2F-6E53-4895-8881-42F87DDFDAB5}
	EndGlobalSection
EndGlobal
